
Microsoft Visual Studio Solution File, Format Version 12.00
# Visual Studio Version 16
VisualStudioVersion = 16.0.30717.126
MinimumVisualStudioVersion = 10.0.40219.1
Project("{FAE04EC0-301F-11D3-BF4B-00C04F79EFBC}") = "StartUp", "1. Person\StartUp.csproj", "{D077B052-8D58-4C56-9E4E-0952A166B8CC}"
EndProject
Global
	GlobalSection(SolutionConfigurationPlatforms) = preSolution
		Debug|Any CPU = Debug|Any CPU
		Release|Any CPU = Release|Any CPU
	EndGlobalSection
	GlobalSection(ProjectConfigurationPlatforms) = postSolution
		{D077B052-8D58-4C56-9E4E-0952A166B8CC}.Debug|Any CPU.ActiveCfg = Debug|Any CPU
		{D077B052-8D58-4C56-9E4E-0952A166B8CC}.Debug|Any CPU.Build.0 = Debug|Any CPU
		{D077B052-8D58-4C56-9E4E-0952A166B8CC}.Release|Any CPU.ActiveCfg = Release|Any CPU
		{D077B052-8D58-4C56-9E4E-0952A166B8CC}.Release|Any CPU.Build.0 = Release|Any CPU
	EndGlobalSection
	GlobalSection(SolutionProperties) = preSolution
		HideSolutionNode = FALSE
	EndGlobalSection
	GlobalSection(ExtensibilityGlobals) = postSolution
		SolutionGuid = {6DF61D2B-AAF4-41AF-89D6-D8A534B11190}
	EndGlobalSection
EndGlobal
